
Microsoft Visual Studio Solution File, Format Version 12.00
# Visual Studio Version 17
VisualStudioVersion = 17.10.34902.84
MinimumVisualStudioVersion = 10.0.40219.1
Project("{9A19103F-16F7-4668-BE54-9A1E7A4F7556}") = "Application", "Application\Application.csproj", "{0B408F92-444A-4564-B2B9-DD605529B97D}"
EndProject
Project("{9A19103F-16F7-4668-BE54-9A1E7A4F7556}") = "Innopay.PaymentCore.API", "Innopay.PaymentCore.API\Innopay.PaymentCore.API.csproj", "{8081BD86-F78F-4117-8067-0EE1B4FBFF8C}"
EndProject
Global
	GlobalSection(SolutionConfigurationPlatforms) = preSolution
		Debug|Any CPU = Debug|Any CPU
		Release|Any CPU = Release|Any CPU
	EndGlobalSection
	GlobalSection(ProjectConfigurationPlatforms) = postSolution
		{0B408F92-444A-4564-B2B9-DD605529B97D}.Debug|Any CPU.ActiveCfg = Debug|Any CPU
		{0B408F92-444A-4564-B2B9-DD605529B97D}.Debug|Any CPU.Build.0 = Debug|Any CPU
		{0B408F92-444A-4564-B2B9-DD605529B97D}.Release|Any CPU.ActiveCfg = Release|Any CPU
		{0B408F92-444A-4564-B2B9-DD605529B97D}.Release|Any CPU.Build.0 = Release|Any CPU
		{8081BD86-F78F-4117-8067-0EE1B4FBFF8C}.Debug|Any CPU.ActiveCfg = Debug|Any CPU
		{8081BD86-F78F-4117-8067-0EE1B4FBFF8C}.Debug|Any CPU.Build.0 = Debug|Any CPU
		{8081BD86-F78F-4117-8067-0EE1B4FBFF8C}.Release|Any CPU.ActiveCfg = Release|Any CPU
		{8081BD86-F78F-4117-8067-0EE1B4FBFF8C}.Release|Any CPU.Build.0 = Release|Any CPU
	EndGlobalSection
	GlobalSection(SolutionProperties) = preSolution
		HideSolutionNode = FALSE
	EndGlobalSection
	GlobalSection(ExtensibilityGlobals) = postSolution
		SolutionGuid = {2623CEA1-7104-4E4C-B32C-18D9697B1456}
	EndGlobalSection
EndGlobal
